
Microsoft Visual Studio Solution File, Format Version 12.00
# Visual Studio Version 16
VisualStudioVersion = 16.0.28803.452
MinimumVisualStudioVersion = 10.0.40219.1
Project("{8BC9CEB8-8B4A-11D0-8D11-00A0C91BC942}") = "qip", "qip\qip.vcxproj", "{8B814FF4-2789-47EF-BAF1-90156CF843E2}"
EndProject
Global
	GlobalSection(SolutionConfigurationPlatforms) = preSolution
		Debug|x64 = Debug|x64
		Debug|x86 = Debug|x86
		Release|x64 = Release|x64
		Release|x86 = Release|x86
	EndGlobalSection
	GlobalSection(ProjectConfigurationPlatforms) = postSolution
		{8B814FF4-2789-47EF-BAF1-90156CF843E2}.Debug|x64.ActiveCfg = Debug|x64
		{8B814FF4-2789-47EF-BAF1-90156CF843E2}.Debug|x64.Build.0 = Debug|x64
		{8B814FF4-2789-47EF-BAF1-90156CF843E2}.Debug|x86.ActiveCfg = Debug|Win32
		{8B814FF4-2789-47EF-BAF1-90156CF843E2}.Debug|x86.Build.0 = Debug|Win32
		{8B814FF4-2789-47EF-BAF1-90156CF843E2}.Release|x64.ActiveCfg = Release|x64
		{8B814FF4-2789-47EF-BAF1-90156CF843E2}.Release|x64.Build.0 = Release|x64
		{8B814FF4-2789-47EF-BAF1-90156CF843E2}.Release|x86.ActiveCfg = Release|Win32
		{8B814FF4-2789-47EF-BAF1-90156CF843E2}.Release|x86.Build.0 = Release|Win32
	EndGlobalSection
	GlobalSection(SolutionProperties) = preSolution
		HideSolutionNode = FALSE
	EndGlobalSection
	GlobalSection(ExtensibilityGlobals) = postSolution
		SolutionGuid = {239EA9A6-79A4-464B-A6FA-0B38D8103C4E}
	EndGlobalSection
EndGlobal
